
Microsoft Visual Studio Solution File, Format Version 12.00
# Visual Studio 15
Project("{FAE04EC0-301F-11D3-BF4B-00C04F79EFBC}") = "AndroidMenuTest", "AndroidMenuTest\AndroidMenuTest.csproj", "{7D77E4C7-21BC-415A-A141-7B95A4347D7B}"
EndProject
Global
	GlobalSection(SolutionConfigurationPlatforms) = preSolution
		Debug|Any CPU = Debug|Any CPU
		Release|Any CPU = Release|Any CPU
	EndGlobalSection
	GlobalSection(ProjectConfigurationPlatforms) = postSolution
		{7D77E4C7-21BC-415A-A141-7B95A4347D7B}.Debug|Any CPU.ActiveCfg = Debug|Any CPU
		{7D77E4C7-21BC-415A-A141-7B95A4347D7B}.Debug|Any CPU.Build.0 = Debug|Any CPU
		{7D77E4C7-21BC-415A-A141-7B95A4347D7B}.Release|Any CPU.ActiveCfg = Release|Any CPU
		{7D77E4C7-21BC-415A-A141-7B95A4347D7B}.Release|Any CPU.Build.0 = Release|Any CPU
	EndGlobalSection
EndGlobal
